{
    "requires": true,
    "lockfileVersion": 1,
    "dependencies": {
        "crc": {
            "version": "3.5.0",
            "resolved": "http://registry.npm.taobao.org/crc/download/crc-3.5.0.tgz",
            "integrity": "sha1-mLi6fUiWZbo5efWbITgTdBAaGWQ="
        },
        "image-size": {
            "version": "0.6.2",
            "resolved": "http://registry.npm.taobao.org/image-size/download/image-size-0.6.2.tgz",
            "integrity": "sha1-juMW1CmLAouWUJG2c9XxU3re5bQ="
        },
        "readline-sync": {
            "version": "1.4.9",
            "resolved": "http://registry.npm.taobao.org/readline-sync/download/readline-sync-1.4.9.tgz",
            "integrity": "sha1-PtqOZfI80qF+YTAbHwADOWr17No="
        },
        "xmldom": {
            "version": "0.1.27",
            "resolved": "http://registry.npm.taobao.org/xmldom/download/xmldom-0.1.27.tgz",
            "integrity": "sha1-1QH5ezvbQDr4757MIFcxh6rawOk="
        }
    }
}
